
Microsoft Visual Studio Solution File, Format Version 12.00
# Visual Studio Version 17
VisualStudioVersion = 17.11.35431.28
MinimumVisualStudioVersion = 10.0.40219.1
Project("{8BC9CEB8-8B4A-11D0-8D11-00A0C91BC942}") = "version", "src\version\version.vcxproj", "{04D85769-6040-4A24-A24E-5BD7818F39F3}"
EndProject
Project("{8BC9CEB8-8B4A-11D0-8D11-00A0C91BC942}") = "sqlite3", "src\sqlite3\sqlite3.vcxproj", "{B365344F-4F1C-4C21-9B0B-612F16172426}"
EndProject
Global
	GlobalSection(SolutionConfigurationPlatforms) = preSolution
		Debug|x64 = Debug|x64
		Debug|x86 = Debug|x86
		Release|x64 = Release|x64
		Release|x86 = Release|x86
	EndGlobalSection
	GlobalSection(ProjectConfigurationPlatforms) = postSolution
		{04D85769-6040-4A24-A24E-5BD7818F39F3}.Debug|x64.ActiveCfg = Debug|Win32
		{04D85769-6040-4A24-A24E-5BD7818F39F3}.Debug|x64.Build.0 = Debug|Win32
		{04D85769-6040-4A24-A24E-5BD7818F39F3}.Debug|x86.ActiveCfg = Debug|Win32
		{04D85769-6040-4A24-A24E-5BD7818F39F3}.Debug|x86.Build.0 = Debug|Win32
		{04D85769-6040-4A24-A24E-5BD7818F39F3}.Release|x64.ActiveCfg = Release|Win32
		{04D85769-6040-4A24-A24E-5BD7818F39F3}.Release|x64.Build.0 = Release|Win32
		{04D85769-6040-4A24-A24E-5BD7818F39F3}.Release|x86.ActiveCfg = Release|Win32
		{04D85769-6040-4A24-A24E-5BD7818F39F3}.Release|x86.Build.0 = Release|Win32
		{B365344F-4F1C-4C21-9B0B-612F16172426}.Debug|x64.ActiveCfg = Debug|x64
		{B365344F-4F1C-4C21-9B0B-612F16172426}.Debug|x64.Build.0 = Debug|x64
		{B365344F-4F1C-4C21-9B0B-612F16172426}.Debug|x86.ActiveCfg = Debug|Win32
		{B365344F-4F1C-4C21-9B0B-612F16172426}.Debug|x86.Build.0 = Debug|Win32
		{B365344F-4F1C-4C21-9B0B-612F16172426}.Release|x64.ActiveCfg = Release|x64
		{B365344F-4F1C-4C21-9B0B-612F16172426}.Release|x64.Build.0 = Release|x64
		{B365344F-4F1C-4C21-9B0B-612F16172426}.Release|x86.ActiveCfg = Release|Win32
		{B365344F-4F1C-4C21-9B0B-612F16172426}.Release|x86.Build.0 = Release|Win32
	EndGlobalSection
	GlobalSection(SolutionProperties) = preSolution
		HideSolutionNode = FALSE
	EndGlobalSection
	GlobalSection(ExtensibilityGlobals) = postSolution
		SolutionGuid = {D266353C-1EA3-4838-A707-341CCEA1D5C1}
	EndGlobalSection
EndGlobal
